{
  "name": "EEC ML",
  "lockfileVersion": 3,
  "requires": true,
  "packages": {
    "": {
      "dependencies": {
        "opencode-ai": "^1.17.18"
      }
    },
    "node_modules/opencode-ai": {
      "version": "1.17.18",
      "resolved": "https://registry.npmjs.org/opencode-ai/-/opencode-ai-1.17.18.tgz",
      "integrity": "sha512-gpCE5X3dwvYam2ba9r3mw+FTPBTDlmKkguiOoYF1nv9MVA3sDIXje3tPQ+EMNxYkWD43FN3+eVC1GW6tRO9Aiw==",
      "cpu": [
        "arm64",
        "x64"
      ],
      "hasInstallScript": true,
      "license": "MIT",
      "os": [
        "darwin",
        "linux",
        "win32"
      ],
      "bin": {
        "opencode": "bin/opencode.exe"
      },
      "optionalDependencies": {
        "opencode-darwin-arm64": "1.17.18",
        "opencode-darwin-x64": "1.17.18",
        "opencode-darwin-x64-baseline": "1.17.18",
        "opencode-linux-arm64": "1.17.18",
        "opencode-linux-arm64-musl": "1.17.18",
        "opencode-linux-x64": "1.17.18",
        "opencode-linux-x64-baseline": "1.17.18",
        "opencode-linux-x64-baseline-musl": "1.17.18",
        "opencode-linux-x64-musl": "1.17.18",
        "opencode-windows-arm64": "1.17.18",
        "opencode-windows-x64": "1.17.18",
        "opencode-windows-x64-baseline": "1.17.18"
      }
    },
    "node_modules/opencode-darwin-arm64": {
      "version": "1.17.18",
      "resolved": "https://registry.npmjs.org/opencode-darwin-arm64/-/opencode-darwin-arm64-1.17.18.tgz",
      "integrity": "sha512-wcnsPXxNnIggdva8rQ2KAWi17GdyDL4joAT+M/+UqkRFXhTBgfScWiWyCAGpZitDlpxd0K5W79NPjal54A8aiw==",
      "cpu": [
        "arm64"
      ],
      "optional": true,
      "os": [
        "darwin"
      ]
    },
    "node_modules/opencode-darwin-x64": {
      "version": "1.17.18",
      "resolved": "https://registry.npmjs.org/opencode-darwin-x64/-/opencode-darwin-x64-1.17.18.tgz",
      "integrity": "sha512-WwTwf6pCMkJ4ed3l6mLn2+eVz+Yli+5ijine0Hx7r+LVUYv9Odo46lHO4ZLd2m/dbnnDcX5xHNklasBNfCkBEQ==",
      "cpu": [
        "x64"
      ],
      "optional": true,
      "os": [
        "darwin"
      ]
    },
    "node_modules/opencode-darwin-x64-baseline": {
      "version": "1.17.18",
      "resolved": "https://registry.npmjs.org/opencode-darwin-x64-baseline/-/opencode-darwin-x64-baseline-1.17.18.tgz",
      "integrity": "sha512-kkUWjHQBtYtbtoAxV7N8srXpAdWu7ajynnrUQ/raHhJc2HnsR3Ud6/Ms60YSpNWOuCZ/WgtISpXkg12E7opvcA==",
      "cpu": [
        "x64"
      ],
      "optional": true,
      "os": [
        "darwin"
      ]
    },
    "node_modules/opencode-linux-arm64": {
      "version": "1.17.18",
      "resolved": "https://registry.npmjs.org/opencode-linux-arm64/-/opencode-linux-arm64-1.17.18.tgz",
      "integrity": "sha512-VrTs+uQndp+B442Bfxf1a7BX9599gARjQCJ+MVCkcxl4Dr4gbBw7EfjKgGvhCqKUN5Hv2I7hUG/EZ1Ix3T6xrw==",
      "cpu": [
        "arm64"
      ],
      "optional": true,
      "os": [
        "linux"
      ]
    },
    "node_modules/opencode-linux-arm64-musl": {
      "version": "1.17.18",
      "resolved": "https://registry.npmjs.org/opencode-linux-arm64-musl/-/opencode-linux-arm64-musl-1.17.18.tgz",
      "integrity": "sha512-KW+77OknysG0gkD8tRzIcFKuv2mJR3jDtEQcCOhXmkAEWv7rEIqaDehWDa35F7AKjNJnJ4f6P7dDLMDJeQztHg==",
      "cpu": [
        "arm64"
      ],
      "optional": true,
      "os": [
        "linux"
      ]
    },
    "node_modules/opencode-linux-x64": {
      "version": "1.17.18",
      "resolved": "https://registry.npmjs.org/opencode-linux-x64/-/opencode-linux-x64-1.17.18.tgz",
      "integrity": "sha512-8BmT22yp7pCXXu/HvAMaJsNNd6xhmlUrGs5YZSfU0neZfkSZg+Dkf9IGsuOugOtL0x2erDg2/6rRBpcJAGmTrA==",
      "cpu": [
        "x64"
      ],
      "optional": true,
      "os": [
        "linux"
      ]
    },
    "node_modules/opencode-linux-x64-baseline": {
      "version": "1.17.18",
      "resolved": "https://registry.npmjs.org/opencode-linux-x64-baseline/-/opencode-linux-x64-baseline-1.17.18.tgz",
      "integrity": "sha512-ZHgobRKdHocQJSAzrz/ekKBjN1cScB+u07Zgr5Hzks2zm+ZyuN5zvx/NOKM7ImPEy3TQ0+swXvtoYKCOE4Tpbw==",
      "cpu": [
        "x64"
      ],
      "optional": true,
      "os": [
        "linux"
      ]
    },
    "node_modules/opencode-linux-x64-baseline-musl": {
      "version": "1.17.18",
      "resolved": "https://registry.npmjs.org/opencode-linux-x64-baseline-musl/-/opencode-linux-x64-baseline-musl-1.17.18.tgz",
      "integrity": "sha512-e4/FLdohz2euPXsziktv7mKrYLO01R4n7bwMvhAcPDaYc9zCagHUoALZVYm0BXtVB6YikaIfnHsbAIAgNlC37w==",
      "cpu": [
        "x64"
      ],
      "optional": true,
      "os": [
        "linux"
      ]
    },
    "node_modules/opencode-linux-x64-musl": {
      "version": "1.17.18",
      "resolved": "https://registry.npmjs.org/opencode-linux-x64-musl/-/opencode-linux-x64-musl-1.17.18.tgz",
      "integrity": "sha512-3pWmNMZ08vsOVnQcOydqnE66NTZjqMZllcX6M9w+nCbQ2Edi6xWL1NMiW9MFvjyJMuOxTqzif6RvpIcK3CZHxw==",
      "cpu": [
        "x64"
      ],
      "optional": true,
      "os": [
        "linux"
      ]
    },
    "node_modules/opencode-windows-arm64": {
      "version": "1.17.18",
      "resolved": "https://registry.npmjs.org/opencode-windows-arm64/-/opencode-windows-arm64-1.17.18.tgz",
      "integrity": "sha512-5vtCGvt3k1RbhiB31Sg4Q0H1Qy+npFMD1y4N3fhx8X+Dyrzfly7SPQNQPtSt8nDluRhcCB0oFl9suDew2q2YOg==",
      "cpu": [
        "arm64"
      ],
      "optional": true,
      "os": [
        "win32"
      ]
    },
    "node_modules/opencode-windows-x64": {
      "version": "1.17.18",
      "resolved": "https://registry.npmjs.org/opencode-windows-x64/-/opencode-windows-x64-1.17.18.tgz",
      "integrity": "sha512-6i17BI5tmQvopBm6lwerPu2I7p2BYneX7XDlHYeVCy9+INL0T8sD8Ww+Lobqs76E8kepwP1NVqEFzs5DkLYVJw==",
      "cpu": [
        "x64"
      ],
      "optional": true,
      "os": [
        "win32"
      ]
    },
    "node_modules/opencode-windows-x64-baseline": {
      "version": "1.17.18",
      "resolved": "https://registry.npmjs.org/opencode-windows-x64-baseline/-/opencode-windows-x64-baseline-1.17.18.tgz",
      "integrity": "sha512-pt9ga2UcoTUo6+/rFvZZ+KOxHXkVMHPqBi3tVjI/B96icAGtpXNPDznK+HuahBFKKMr9y8pwu17yd94Vn+gMMg==",
      "cpu": [
        "x64"
      ],
      "optional": true,
      "os": [
        "win32"
      ]
    }
  }
}
